
Microsoft Visual Studio Solution File, Format Version 12.00
# Visual Studio Version 16
VisualStudioVersion = 16.0.31911.196
MinimumVisualStudioVersion = 10.0.40219.1
Project("{FAE04EC0-301F-11D3-BF4B-00C04F79EFBC}") = "Simple.Json", "Simple.Json.csproj", "{058F4C5C-B422-4C37-BA48-577C6B8C7AEB}"
EndProject
Global
	GlobalSection(SolutionConfigurationPlatforms) = preSolution
		Debug|Any CPU = Debug|Any CPU
		Release|Any CPU = Release|Any CPU
	EndGlobalSection
	GlobalSection(ProjectConfigurationPlatforms) = postSolution
		{058F4C5C-B422-4C37-BA48-577C6B8C7AEB}.Debug|Any CPU.ActiveCfg = Debug|Any CPU
		{058F4C5C-B422-4C37-BA48-577C6B8C7AEB}.Debug|Any CPU.Build.0 = Debug|Any CPU
		{058F4C5C-B422-4C37-BA48-577C6B8C7AEB}.Release|Any CPU.ActiveCfg = Release|Any CPU
		{058F4C5C-B422-4C37-BA48-577C6B8C7AEB}.Release|Any CPU.Build.0 = Release|Any CPU
	EndGlobalSection
	GlobalSection(SolutionProperties) = preSolution
		HideSolutionNode = FALSE
	EndGlobalSection
	GlobalSection(ExtensibilityGlobals) = postSolution
		SolutionGuid = {369DB9EC-C01A-49A1-B65C-0F69E079F335}
	EndGlobalSection
EndGlobal
